// !$*UTF8*$!
{
	archiveVersion = 1;
	classes = {
	};
	objectVersion = 50;
	objects = {

/* Begin PBXBuildFile section */
		A9F96A7B2207916200B1199E /* AppDelegate.swift in Sources */ = {isa = PBXBuildFile; fileRef = A9F96A7A2207916200B1199E /* AppDelegate.swift */; };
		A9F96A7D2207916200B1199E /* ViewController.swift in Sources */ = {isa = PBXBuildFile; fileRef = A9F96A7C2207916200B1199E /* ViewController.swift */; };
		A9F96A802207916200B1199E /* Main.storyboard in Resources */ = {isa = PBXBuildFile; fileRef = A9F96A7E2207916200B1199E /* Main.storyboard */; };
		A9F96A822207916300B1199E /* Assets.xcassets in Resources */ = {isa = PBXBuildFile; fileRef = A9F96A812207916300B1199E /* Assets.xcassets */; };
		A9F96A852207916300B1199E /* LaunchScreen.storyboard in Resources */ = {isa = PBXBuildFile; fileRef = A9F96A832207916300B1199E /* LaunchScreen.storyboard */; };
		A9F96B002207F30700B1199E /* ArchTestSimulator.framework in Frameworks */ = {isa = PBXBuildFile; fileRef = A9F96AF72207EF4800B1199E /* ArchTestSimulator.framework */; };
		A9F96B012207F30700B1199E /* ArchTestSimulator.framework in Embed Frameworks */ = {isa = PBXBuildFile; fileRef = A9F96AF72207EF4800B1199E /* ArchTestSimulator.framework */; settings = {ATTRIBUTES = (CodeSignOnCopy, RemoveHeadersOnCopy, ); }; };
		A9F96B032207F36F00B1199E /* ArchTestSimulator.h in Embed Frameworks */ = {isa = PBXBuildFile; fileRef = A9F96B022207F36F00B1199E /* ArchTestSimulator.h */; };
/* End PBXBuildFile section */

/* Begin PBXCopyFilesBuildPhase section */
		A9F96AFC2207EF4900B1199E /* Embed Frameworks */ = {
			isa = PBXCopyFilesBuildPhase;
			buildActionMask = 2147483647;
			dstPath = "";
			dstSubfolderSpec = 10;
			files = (
				A9F96B012207F30700B1199E /* ArchTestSimulator.framework in Embed Frameworks */,
				A9F96B032207F36F00B1199E /* ArchTestSimulator.h in Embed Frameworks */,
			);
			name = "Embed Frameworks";
			runOnlyForDeploymentPostprocessing = 0;
		};
/* End PBXCopyFilesBuildPhase section */

/* Begin PBXFileReference section */
		A9F96A772207916200B1199E /* ArchTestFrameworkClientApp.app */ = {isa = PBXFileReference; explicitFileType = wrapper.application; includeInIndex = 0; path = ArchTestFrameworkClientApp.app; sourceTree = BUILT_PRODUCTS_DIR; };
		A9F96A7A2207916200B1199E /* AppDelegate.swift */ = {isa = PBXFileReference; lastKnownFileType = sourcecode.swift; path = AppDelegate.swift; sourceTree = "<group>"; };
		A9F96A7C2207916200B1199E /* ViewController.swift */ = {isa = PBXFileReference; lastKnownFileType = sourcecode.swift; path = ViewController.swift; sourceTree = "<group>"; };
		A9F96A7F2207916200B1199E /* Base */ = {isa = PBXFileReference; lastKnownFileType = file.storyboard; name = Base; path = Base.lproj/Main.storyboard; sourceTree = "<group>"; };
		A9F96A812207916300B1199E /* Assets.xcassets */ = {isa = PBXFileReference; lastKnownFileType = folder.assetcatalog; path = Assets.xcassets; sourceTree = "<group>"; };
		A9F96A842207916300B1199E /* Base */ = {isa = PBXFileReference; lastKnownFileType = file.storyboard; name = Base; path = Base.lproj/LaunchScreen.storyboard; sourceTree = "<group>"; };
		A9F96A862207916300B1199E /* Info.plist */ = {isa = PBXFileReference; lastKnownFileType = text.plist.xml; path = Info.plist; sourceTree = "<group>"; };
		A9F96AF62207EF4800B1199E /* ArchTest.framework */ = {isa = PBXFileReference; lastKnownFileType = wrapper.framework; name = ArchTest.framework; path = framework/ArchTest.framework; sourceTree = "<group>"; };
		A9F96AF72207EF4800B1199E /* ArchTestSimulator.framework */ = {isa = PBXFileReference; lastKnownFileType = wrapper.framework; name = ArchTestSimulator.framework; path = framework/ArchTestSimulator.framework; sourceTree = "<group>"; };
		A9F96B022207F36F00B1199E /* ArchTestSimulator.h */ = {isa = PBXFileReference; lastKnownFileType = sourcecode.c.h; path = ArchTestSimulator.h; sourceTree = "<group>"; };
/* End PBXFileReference section */

/* Begin PBXFrameworksBuildPhase section */
		A9F96A742207916200B1199E /* Frameworks */ = {
			isa = PBXFrameworksBuildPhase;
			buildActionMask = 2147483647;
			files = (
				A9F96B002207F30700B1199E /* ArchTestSimulator.framework in Frameworks */,
			);
			runOnlyForDeploymentPostprocessing = 0;
		};
/* End PBXFrameworksBuildPhase section */

/* Begin PBXGroup section */
		A9F96A6E2207916200B1199E = {
			isa = PBXGroup;
			children = (
				A9F96B022207F36F00B1199E /* ArchTestSimulator.h */,
				A9F96A792207916200B1199E /* ArchTestFrameworkClientApp */,
				A9F96A782207916200B1199E /* Products */,
				A9F96A9F2207E26400B1199E /* Frameworks */,
			);
			sourceTree = "<group>";
		};
		A9F96A782207916200B1199E /* Products */ = {
			isa = PBXGroup;
			children = (
				A9F96A772207916200B1199E /* ArchTestFrameworkClientApp.app */,
			);
			name = Products;
			sourceTree = "<group>";
		};
		A9F96A792207916200B1199E /* ArchTestFrameworkClientApp */ = {
			isa = PBXGroup;
			children = (
				A9F96A7A2207916200B1199E /* AppDelegate.swift */,
				A9F96A7C2207916200B1199E /* ViewController.swift */,
				A9F96A7E2207916200B1199E /* Main.storyboard */,
				A9F96A812207916300B1199E /* Assets.xcassets */,
				A9F96A832207916300B1199E /* LaunchScreen.storyboard */,
				A9F96A862207916300B1199E /* Info.plist */,
			);
			path = ArchTestFrameworkClientApp;
			sourceTree = "<group>";
		};
		A9F96A9F2207E26400B1199E /* Frameworks */ = {
			isa = PBXGroup;
			children = (
				A9F96AF72207EF4800B1199E /* ArchTestSimulator.framework */,
				A9F96AF62207EF4800B1199E /* ArchTest.framework */,
			);
			name = Frameworks;
			sourceTree = "<group>";
		};
/* End PBXGroup section */

/* Begin PBXNativeTarget section */
		A9F96A762207916200B1199E /* ArchTestFrameworkClientApp */ = {
			isa = PBXNativeTarget;
			buildConfigurationList = A9F96A892207916300B1199E /* Build configuration list for PBXNativeTarget "ArchTestFrameworkClientApp" */;
			buildPhases = (
				A9F96A732207916200B1199E /* Sources */,
				A9F96A742207916200B1199E /* Frameworks */,
				A9F96A752207916200B1199E /* Resources */,
				A9F96AFC2207EF4900B1199E /* Embed Frameworks */,
			);
			buildRules = (
			);
			dependencies = (
			);
			name = ArchTestFrameworkClientApp;
			productName = ArchTestFrameworkClientApp;
			productReference = A9F96A772207916200B1199E /* ArchTestFrameworkClientApp.app */;
			productType = "com.apple.product-type.application";
		};
/* End PBXNativeTarget section */

/* Begin PBXProject section */
		A9F96A6F2207916200B1199E /* Project object */ = {
			isa = PBXProject;
			attributes = {
				LastSwiftUpdateCheck = 1010;
				LastUpgradeCheck = 1010;
				ORGANIZATIONNAME = "William Seaman";
				TargetAttributes = {
					A9F96A762207916200B1199E = {
						CreatedOnToolsVersion = 10.1;
					};
				};
			};
			buildConfigurationList = A9F96A722207916200B1199E /* Build configuration list for PBXProject "ArchTestFrameworkClientApp" */;
			compatibilityVersion = "Xcode 9.3";
			developmentRegion = en;
			hasScannedForEncodings = 0;
			knownRegions = (
				en,
				Base,
			);
			mainGroup = A9F96A6E2207916200B1199E;
			productRefGroup = A9F96A782207916200B1199E /* Products */;
			projectDirPath = "";
			projectRoot = "";
			targets = (
				A9F96A762207916200B1199E /* ArchTestFrameworkClientApp */,
			);
		};
/* End PBXProject section */

/* Begin PBXResourcesBuildPhase section */
		A9F96A752207916200B1199E /* Resources */ = {
			isa = PBXResourcesBuildPhase;
			buildActionMask = 2147483647;
			files = (
				A9F96A852207916300B1199E /* LaunchScreen.storyboard in Resources */,
				A9F96A822207916300B1199E /* Assets.xcassets in Resources */,
				A9F96A802207916200B1199E /* Main.storyboard in Resources */,
			);
			runOnlyForDeploymentPostprocessing = 0;
		};
/* End PBXResourcesBuildPhase section */

/* Begin PBXSourcesBuildPhase section */
		A9F96A732207916200B1199E /* Sources */ = {
			isa = PBXSourcesBuildPhase;
			buildActionMask = 2147483647;
			files = (
				A9F96A7D2207916200B1199E /* ViewController.swift in Sources */,
				A9F96A7B2207916200B1199E /* AppDelegate.swift in Sources */,
			);
			runOnlyForDeploymentPostprocessing = 0;
		};
/* End PBXSourcesBuildPhase section */

/* Begin PBXVariantGroup section */
		A9F96A7E2207916200B1199E /* Main.storyboard */ = {
			isa = PBXVariantGroup;
			children = (
				A9F96A7F2207916200B1199E /* Base */,
			);
			name = Main.storyboard;
			sourceTree = "<group>";
		};
		A9F96A832207916300B1199E /* LaunchScreen.storyboard */ = {
			isa = PBXVariantGroup;
			children = (
				A9F96A842207916300B1199E /* Base */,
			);
			name = LaunchScreen.storyboard;
			sourceTree = "<group>";
		};
/* End PBXVariantGroup section */

/* Begin XCBuildConfiguration section */
		A9F96A872207916300B1199E /* Debug */ = {
			isa = XCBuildConfiguration;
			buildSettings = {
				ALWAYS_SEARCH_USER_PATHS = NO;
				ARCHS = "$(ARCHS_STANDARD_INCLUDING_64_BIT)";
				CLANG_ANALYZER_NONNULL = YES;
				CLANG_ANALYZER_NUMBER_OBJECT_CONVERSION = YES_AGGRESSIVE;
				CLANG_CXX_LANGUAGE_STANDARD = "gnu++14";
				CLANG_CXX_LIBRARY = "libc++";
				CLANG_ENABLE_MODULES = YES;
				CLANG_ENABLE_OBJC_ARC = YES;
				CLANG_ENABLE_OBJC_WEAK = YES;
				CLANG_WARN_BLOCK_CAPTURE_AUTORELEASING = YES;
				CLANG_WARN_BOOL_CONVERSION = YES;
				CLANG_WARN_COMMA = YES;
				CLANG_WARN_CONSTANT_CONVERSION = YES;
				CLANG_WARN_DEPRECATED_OBJC_IMPLEMENTATIONS = YES;
				CLANG_WARN_DIRECT_OBJC_ISA_USAGE = YES_ERROR;
				CLANG_WARN_DOCUMENTATION_COMMENTS = YES;
				CLANG_WARN_EMPTY_BODY = YES;
				CLANG_WARN_ENUM_CONVERSION = YES;
				CLANG_WARN_INFINITE_RECURSION = YES;
				CLANG_WARN_INT_CONVERSION = YES;
				CLANG_WARN_NON_LITERAL_NULL_CONVERSION = YES;
				CLANG_WARN_OBJC_IMPLICIT_RETAIN_SELF = YES;
				CLANG_WARN_OBJC_LITERAL_CONVERSION = YES;
				CLANG_WARN_OBJC_ROOT_CLASS = YES_ERROR;
				CLANG_WARN_RANGE_LOOP_ANALYSIS = YES;
				CLANG_WARN_STRICT_PROTOTYPES = YES;
				CLANG_WARN_SUSPICIOUS_MOVE = YES;
				CLANG_WARN_UNGUARDED_AVAILABILITY = YES_AGGRESSIVE;
				CLANG_WARN_UNREACHABLE_CODE = YES;
				CLANG_WARN__DUPLICATE_METHOD_MATCH = YES;
				CODE_SIGN_IDENTITY = "iPhone Developer";
				COPY_PHASE_STRIP = NO;
				DEBUG_INFORMATION_FORMAT = dwarf;
				ENABLE_STRICT_OBJC_MSGSEND = YES;
				ENABLE_TESTABILITY = YES;
				GCC_C_LANGUAGE_STANDARD = gnu11;
				GCC_DYNAMIC_NO_PIC = NO;
				GCC_NO_COMMON_BLOCKS = YES;
				GCC_OPTIMIZATION_LEVEL = 0;
				GCC_PREPROCESSOR_DEFINITIONS = (
					"DEBUG=1",
					"$(inherited)",
				);
				GCC_WARN_64_TO_32_BIT_CONVERSION = YES;
				GCC_WARN_ABOUT_RETURN_TYPE = YES_ERROR;
				GCC_WARN_UNDECLARED_SELECTOR = YES;
				GCC_WARN_UNINITIALIZED_AUTOS = YES_AGGRESSIVE;
				GCC_WARN_UNUSED_FUNCTION = YES;
				GCC_WARN_UNUSED_VARIABLE = YES;
				IPHONEOS_DEPLOYMENT_TARGET = 11.0;
				MTL_ENABLE_DEBUG_INFO = INCLUDE_SOURCE;
				MTL_FAST_MATH = YES;
				ONLY_ACTIVE_ARCH = NO;
				SDKROOT = iphoneos;
				SWIFT_ACTIVE_COMPILATION_CONDITIONS = DEBUG;
				SWIFT_OPTIMIZATION_LEVEL = "-Onone";
			};
			name = Debug;
		};
		A9F96A882207916300B1199E /* Release */ = {
			isa = XCBuildConfiguration;
			buildSettings = {
				ALWAYS_SEARCH_USER_PATHS = NO;
				ARCHS = "$(ARCHS_STANDARD_INCLUDING_64_BIT)";
				CLANG_ANALYZER_NONNULL = YES;
				CLANG_ANALYZER_NUMBER_OBJECT_CONVERSION = YES_AGGRESSIVE;
				CLANG_CXX_LANGUAGE_STANDARD = "gnu++14";
				CLANG_CXX_LIBRARY = "libc++";
				CLANG_ENABLE_MODULES = YES;
				CLANG_ENABLE_OBJC_ARC = YES;
				CLANG_ENABLE_OBJC_WEAK = YES;
				CLANG_WARN_BLOCK_CAPTURE_AUTORELEASING = YES;
				CLANG_WARN_BOOL_CONVERSION = YES;
				CLANG_WARN_COMMA = YES;
				CLANG_WARN_CONSTANT_CONVERSION = YES;
				CLANG_WARN_DEPRECATED_OBJC_IMPLEMENTATIONS = YES;
				CLANG_WARN_DIRECT_OBJC_ISA_USAGE = YES_ERROR;
				CLANG_WARN_DOCUMENTATION_COMMENTS = YES;
				CLANG_WARN_EMPTY_BODY = YES;
				CLANG_WARN_ENUM_CONVERSION = YES;
				CLANG_WARN_INFINITE_RECURSION = YES;
				CLANG_WARN_INT_CONVERSION = YES;
				CLANG_WARN_NON_LITERAL_NULL_CONVERSION = YES;
				CLANG_WARN_OBJC_IMPLICIT_RETAIN_SELF = YES;
				CLANG_WARN_OBJC_LITERAL_CONVERSION = YES;
				CLANG_WARN_OBJC_ROOT_CLASS = YES_ERROR;
				CLANG_WARN_RANGE_LOOP_ANALYSIS = YES;
				CLANG_WARN_STRICT_PROTOTYPES = YES;
				CLANG_WARN_SUSPICIOUS_MOVE = YES;
				CLANG_WARN_UNGUARDED_AVAILABILITY = YES_AGGRESSIVE;
				CLANG_WARN_UNREACHABLE_CODE = YES;
				CLANG_WARN__DUPLICATE_METHOD_MATCH = YES;
				CODE_SIGN_IDENTITY = "iPhone Developer";
				COPY_PHASE_STRIP = NO;
				DEBUG_INFORMATION_FORMAT = "dwarf-with-dsym";
				ENABLE_NS_ASSERTIONS = NO;
				ENABLE_STRICT_OBJC_MSGSEND = YES;
				GCC_C_LANGUAGE_STANDARD = gnu11;
				GCC_NO_COMMON_BLOCKS = YES;
				GCC_WARN_64_TO_32_BIT_CONVERSION = YES;
				GCC_WARN_ABOUT_RETURN_TYPE = YES_ERROR;
				GCC_WARN_UNDECLARED_SELECTOR = YES;
				GCC_WARN_UNINITIALIZED_AUTOS = YES_AGGRESSIVE;
				GCC_WARN_UNUSED_FUNCTION = YES;
				GCC_WARN_UNUSED_VARIABLE = YES;
				IPHONEOS_DEPLOYMENT_TARGET = 11.0;
				MTL_ENABLE_DEBUG_INFO = NO;
				MTL_FAST_MATH = YES;
				SDKROOT = iphoneos;
				SWIFT_COMPILATION_MODE = wholemodule;
				SWIFT_OPTIMIZATION_LEVEL = "-O";
				VALIDATE_PRODUCT = YES;
			};
			name = Release;
		};
		A9F96A8A2207916300B1199E /* Debug */ = {
			isa = XCBuildConfiguration;
			buildSettings = {
				ASSETCATALOG_COMPILER_APPICON_NAME = AppIcon;
				CODE_SIGN_STYLE = Automatic;
				DEVELOPMENT_TEAM = ZZGJ2UYWJY;
				FRAMEWORK_SEARCH_PATHS = (
					"$(inherited)",
					"$(PROJECT_DIR)/framework",
				);
				INFOPLIST_FILE = ArchTestFrameworkClientApp/Info.plist;
				IPHONEOS_DEPLOYMENT_TARGET = 11.0;
				LD_RUNPATH_SEARCH_PATHS = (
					"$(inherited)",
					"@executable_path/Frameworks",
				);
				PRODUCT_BUNDLE_IDENTIFIER = com.loudsoftware.ArchTestFrameworkClientApp;
				PRODUCT_NAME = "$(TARGET_NAME)";
				SWIFT_VERSION = 4.2;
				TARGETED_DEVICE_FAMILY = "1,2";
			};
			name = Debug;
		};
		A9F96A8B2207916300B1199E /* Release */ = {
			isa = XCBuildConfiguration;
			buildSettings = {
				ASSETCATALOG_COMPILER_APPICON_NAME = AppIcon;
				CODE_SIGN_STYLE = Automatic;
				DEVELOPMENT_TEAM = ZZGJ2UYWJY;
				FRAMEWORK_SEARCH_PATHS = (
					"$(inherited)",
					"$(PROJECT_DIR)/framework",
				);
				INFOPLIST_FILE = ArchTestFrameworkClientApp/Info.plist;
				IPHONEOS_DEPLOYMENT_TARGET = 11.0;
				LD_RUNPATH_SEARCH_PATHS = (
					"$(inherited)",
					"@executable_path/Frameworks",
				);
				PRODUCT_BUNDLE_IDENTIFIER = com.loudsoftware.ArchTestFrameworkClientApp;
				PRODUCT_NAME = "$(TARGET_NAME)";
				SWIFT_VERSION = 4.2;
				TARGETED_DEVICE_FAMILY = "1,2";
			};
			name = Release;
		};
/* End XCBuildConfiguration section */

/* Begin XCConfigurationList section */
		A9F96A722207916200B1199E /* Build configuration list for PBXProject "ArchTestFrameworkClientApp" */ = {
			isa = XCConfigurationList;
			buildConfigurations = (
				A9F96A872207916300B1199E /* Debug */,
				A9F96A882207916300B1199E /* Release */,
			);
			defaultConfigurationIsVisible = 0;
			defaultConfigurationName = Release;
		};
		A9F96A892207916300B1199E /* Build configuration list for PBXNativeTarget "ArchTestFrameworkClientApp" */ = {
			isa = XCConfigurationList;
			buildConfigurations = (
				A9F96A8A2207916300B1199E /* Debug */,
				A9F96A8B2207916300B1199E /* Release */,
			);
			defaultConfigurationIsVisible = 0;
			defaultConfigurationName = Release;
		};
/* End XCConfigurationList section */
	};
	rootObject = A9F96A6F2207916200B1199E /* Project object */;
}
